// !$*UTF8*$!
{
	archiveVersion = 1;
	classes = {
	};
	objectVersion = 50;
	objects = {

/* Begin PBXBuildFile section */
		122D018124E16FFA00747DF5 /* KeyboardRow.swift in Sources */ = {isa = PBXBuildFile; fileRef = 122D018024E16FFA00747DF5 /* KeyboardRow.swift */; };
		122D018324E1741A00747DF5 /* ValidPalindrome.swift in Sources */ = {isa = PBXBuildFile; fileRef = 122D018224E1741A00747DF5 /* ValidPalindrome.swift */; };
		122D018524E1753200747DF5 /* ValidPalindromeII.swift in Sources */ = {isa = PBXBuildFile; fileRef = 122D018424E1753200747DF5 /* ValidPalindromeII.swift */; };
		127D6FE724DADF7F00FEF6D0 /* main.swift in Sources */ = {isa = PBXBuildFile; fileRef = 127D6FE624DADF7F00FEF6D0 /* main.swift */; };
		127D6FEE24DAE03E00FEF6D0 /* Pedometers.swift in Sources */ = {isa = PBXBuildFile; fileRef = 127D6FED24DAE03E00FEF6D0 /* Pedometers.swift */; };
		127D6FF024DAEAFA00FEF6D0 /* BalancesInOrder.swift in Sources */ = {isa = PBXBuildFile; fileRef = 127D6FEF24DAEAFA00FEF6D0 /* BalancesInOrder.swift */; };
		127D6FF224DAFF7A00FEF6D0 /* SmallestDiv.swift in Sources */ = {isa = PBXBuildFile; fileRef = 127D6FF124DAFF7A00FEF6D0 /* SmallestDiv.swift */; };
		127D6FF424DB021B00FEF6D0 /* Password.swift in Sources */ = {isa = PBXBuildFile; fileRef = 127D6FF324DB021B00FEF6D0 /* Password.swift */; };
		12D2DBB024E409F400A35289 /* LengthOfLastWord.swift in Sources */ = {isa = PBXBuildFile; fileRef = 12D2DBAF24E409F400A35289 /* LengthOfLastWord.swift */; };
		12D2DBB224E40D7900A35289 /* StringCompression.swift in Sources */ = {isa = PBXBuildFile; fileRef = 12D2DBB124E40D7900A35289 /* StringCompression.swift */; };
		12D2DBB424E41EFD00A35289 /* AddStrings.swift in Sources */ = {isa = PBXBuildFile; fileRef = 12D2DBB324E41EFD00A35289 /* AddStrings.swift */; };
		12E5411824E1834600B094F0 /* DetectCapital.swift in Sources */ = {isa = PBXBuildFile; fileRef = 12E5411724E1834600B094F0 /* DetectCapital.swift */; };
		12E5411A24E1A72A00B094F0 /* ImplementStrStr().swift in Sources */ = {isa = PBXBuildFile; fileRef = 12E5411924E1A72A00B094F0 /* ImplementStrStr().swift */; };
		12F0DA3A24E2BABD00B7F182 /* IsomorphicStrings.swift in Sources */ = {isa = PBXBuildFile; fileRef = 12F0DA3924E2BABD00B7F182 /* IsomorphicStrings.swift */; };
		12F0DA3C24E2C43500B7F182 /* ReverseString.swift in Sources */ = {isa = PBXBuildFile; fileRef = 12F0DA3B24E2C43500B7F182 /* ReverseString.swift */; };
		12F0DA3E24E2E08500B7F182 /* ReverseStringII.swift in Sources */ = {isa = PBXBuildFile; fileRef = 12F0DA3D24E2E08500B7F182 /* ReverseStringII.swift */; };
		12F0DA4024E2E1A600B7F182 /* ReverseVowelsOfAString.swift in Sources */ = {isa = PBXBuildFile; fileRef = 12F0DA3F24E2E1A600B7F182 /* ReverseVowelsOfAString.swift */; };
		12F0DA4224E2F21500B7F182 /* ReverseWordsInAString.swift in Sources */ = {isa = PBXBuildFile; fileRef = 12F0DA4124E2F21500B7F182 /* ReverseWordsInAString.swift */; };
		12F0DA4424E2F6EC00B7F182 /* ReverseWordsInAStringIII.swift in Sources */ = {isa = PBXBuildFile; fileRef = 12F0DA4324E2F6EC00B7F182 /* ReverseWordsInAStringIII.swift */; };
		12FC8A5624E57EBD004096AA /* ShortestDistanceToACharacter.swift in Sources */ = {isa = PBXBuildFile; fileRef = 12FC8A5524E57EBD004096AA /* ShortestDistanceToACharacter.swift */; };
		12FC8A5A24E59215004096AA /* ValidAnagram.swift in Sources */ = {isa = PBXBuildFile; fileRef = 12FC8A5924E59215004096AA /* ValidAnagram.swift */; };
/* End PBXBuildFile section */

/* Begin PBXCopyFilesBuildPhase section */
		127D6FE124DADF7F00FEF6D0 /* CopyFiles */ = {
			isa = PBXCopyFilesBuildPhase;
			buildActionMask = 2147483647;
			dstPath = /usr/share/man/man1/;
			dstSubfolderSpec = 0;
			files = (
			);
			runOnlyForDeploymentPostprocessing = 1;
		};
/* End PBXCopyFilesBuildPhase section */

/* Begin PBXFileReference section */
		122D018024E16FFA00747DF5 /* KeyboardRow.swift */ = {isa = PBXFileReference; lastKnownFileType = sourcecode.swift; path = KeyboardRow.swift; sourceTree = "<group>"; };
		122D018224E1741A00747DF5 /* ValidPalindrome.swift */ = {isa = PBXFileReference; lastKnownFileType = sourcecode.swift; path = ValidPalindrome.swift; sourceTree = "<group>"; };
		122D018424E1753200747DF5 /* ValidPalindromeII.swift */ = {isa = PBXFileReference; lastKnownFileType = sourcecode.swift; path = ValidPalindromeII.swift; sourceTree = "<group>"; };
		127D6FE324DADF7F00FEF6D0 /* AlgorithmicTasks */ = {isa = PBXFileReference; explicitFileType = "compiled.mach-o.executable"; includeInIndex = 0; path = AlgorithmicTasks; sourceTree = BUILT_PRODUCTS_DIR; };
		127D6FE624DADF7F00FEF6D0 /* main.swift */ = {isa = PBXFileReference; lastKnownFileType = sourcecode.swift; path = main.swift; sourceTree = "<group>"; };
		127D6FED24DAE03E00FEF6D0 /* Pedometers.swift */ = {isa = PBXFileReference; lastKnownFileType = sourcecode.swift; path = Pedometers.swift; sourceTree = "<group>"; };
		127D6FEF24DAEAFA00FEF6D0 /* BalancesInOrder.swift */ = {isa = PBXFileReference; lastKnownFileType = sourcecode.swift; path = BalancesInOrder.swift; sourceTree = "<group>"; };
		127D6FF124DAFF7A00FEF6D0 /* SmallestDiv.swift */ = {isa = PBXFileReference; lastKnownFileType = sourcecode.swift; path = SmallestDiv.swift; sourceTree = "<group>"; };
		127D6FF324DB021B00FEF6D0 /* Password.swift */ = {isa = PBXFileReference; lastKnownFileType = sourcecode.swift; path = Password.swift; sourceTree = "<group>"; };
		12D2DBAF24E409F400A35289 /* LengthOfLastWord.swift */ = {isa = PBXFileReference; lastKnownFileType = sourcecode.swift; path = LengthOfLastWord.swift; sourceTree = "<group>"; };
		12D2DBB124E40D7900A35289 /* StringCompression.swift */ = {isa = PBXFileReference; lastKnownFileType = sourcecode.swift; path = StringCompression.swift; sourceTree = "<group>"; };
		12D2DBB324E41EFD00A35289 /* AddStrings.swift */ = {isa = PBXFileReference; lastKnownFileType = sourcecode.swift; path = AddStrings.swift; sourceTree = "<group>"; };
		12E5411724E1834600B094F0 /* DetectCapital.swift */ = {isa = PBXFileReference; lastKnownFileType = sourcecode.swift; path = DetectCapital.swift; sourceTree = "<group>"; };
		12E5411924E1A72A00B094F0 /* ImplementStrStr().swift */ = {isa = PBXFileReference; lastKnownFileType = sourcecode.swift; path = "ImplementStrStr().swift"; sourceTree = "<group>"; };
		12F0DA3924E2BABD00B7F182 /* IsomorphicStrings.swift */ = {isa = PBXFileReference; lastKnownFileType = sourcecode.swift; path = IsomorphicStrings.swift; sourceTree = "<group>"; };
		12F0DA3B24E2C43500B7F182 /* ReverseString.swift */ = {isa = PBXFileReference; lastKnownFileType = sourcecode.swift; path = ReverseString.swift; sourceTree = "<group>"; };
		12F0DA3D24E2E08500B7F182 /* ReverseStringII.swift */ = {isa = PBXFileReference; lastKnownFileType = sourcecode.swift; path = ReverseStringII.swift; sourceTree = "<group>"; };
		12F0DA3F24E2E1A600B7F182 /* ReverseVowelsOfAString.swift */ = {isa = PBXFileReference; lastKnownFileType = sourcecode.swift; path = ReverseVowelsOfAString.swift; sourceTree = "<group>"; };
		12F0DA4124E2F21500B7F182 /* ReverseWordsInAString.swift */ = {isa = PBXFileReference; lastKnownFileType = sourcecode.swift; path = ReverseWordsInAString.swift; sourceTree = "<group>"; };
		12F0DA4324E2F6EC00B7F182 /* ReverseWordsInAStringIII.swift */ = {isa = PBXFileReference; lastKnownFileType = sourcecode.swift; path = ReverseWordsInAStringIII.swift; sourceTree = "<group>"; };
		12FC8A5524E57EBD004096AA /* ShortestDistanceToACharacter.swift */ = {isa = PBXFileReference; lastKnownFileType = sourcecode.swift; path = ShortestDistanceToACharacter.swift; sourceTree = "<group>"; };
		12FC8A5924E59215004096AA /* ValidAnagram.swift */ = {isa = PBXFileReference; lastKnownFileType = sourcecode.swift; path = ValidAnagram.swift; sourceTree = "<group>"; };
/* End PBXFileReference section */

/* Begin PBXFrameworksBuildPhase section */
		127D6FE024DADF7F00FEF6D0 /* Frameworks */ = {
			isa = PBXFrameworksBuildPhase;
			buildActionMask = 2147483647;
			files = (
			);
			runOnlyForDeploymentPostprocessing = 0;
		};
/* End PBXFrameworksBuildPhase section */

/* Begin PBXGroup section */
		127D6FDA24DADF7F00FEF6D0 = {
			isa = PBXGroup;
			children = (
				127D6FE524DADF7F00FEF6D0 /* AlgorithmicTasks */,
				127D6FE424DADF7F00FEF6D0 /* Products */,
			);
			sourceTree = "<group>";
		};
		127D6FE424DADF7F00FEF6D0 /* Products */ = {
			isa = PBXGroup;
			children = (
				127D6FE324DADF7F00FEF6D0 /* AlgorithmicTasks */,
			);
			name = Products;
			sourceTree = "<group>";
		};
		127D6FE524DADF7F00FEF6D0 /* AlgorithmicTasks */ = {
			isa = PBXGroup;
			children = (
				127D6FE624DADF7F00FEF6D0 /* main.swift */,
				127D6FED24DAE03E00FEF6D0 /* Pedometers.swift */,
				127D6FEF24DAEAFA00FEF6D0 /* BalancesInOrder.swift */,
				127D6FF124DAFF7A00FEF6D0 /* SmallestDiv.swift */,
				127D6FF324DB021B00FEF6D0 /* Password.swift */,
				12E5411624E1825900B094F0 /* LeetCode */,
			);
			path = AlgorithmicTasks;
			sourceTree = "<group>";
		};
		12E5411624E1825900B094F0 /* LeetCode */ = {
			isa = PBXGroup;
			children = (
				122D018024E16FFA00747DF5 /* KeyboardRow.swift */,
				122D018224E1741A00747DF5 /* ValidPalindrome.swift */,
				122D018424E1753200747DF5 /* ValidPalindromeII.swift */,
				12E5411724E1834600B094F0 /* DetectCapital.swift */,
				12E5411924E1A72A00B094F0 /* ImplementStrStr().swift */,
				12F0DA3924E2BABD00B7F182 /* IsomorphicStrings.swift */,
				12F0DA3B24E2C43500B7F182 /* ReverseString.swift */,
				12F0DA3D24E2E08500B7F182 /* ReverseStringII.swift */,
				12F0DA3F24E2E1A600B7F182 /* ReverseVowelsOfAString.swift */,
				12F0DA4124E2F21500B7F182 /* ReverseWordsInAString.swift */,
				12F0DA4324E2F6EC00B7F182 /* ReverseWordsInAStringIII.swift */,
				12D2DBAF24E409F400A35289 /* LengthOfLastWord.swift */,
				12D2DBB124E40D7900A35289 /* StringCompression.swift */,
				12D2DBB324E41EFD00A35289 /* AddStrings.swift */,
				12FC8A5524E57EBD004096AA /* ShortestDistanceToACharacter.swift */,
				12FC8A5924E59215004096AA /* ValidAnagram.swift */,
			);
			path = LeetCode;
			sourceTree = "<group>";
		};
/* End PBXGroup section */

/* Begin PBXNativeTarget section */
		127D6FE224DADF7F00FEF6D0 /* AlgorithmicTasks */ = {
			isa = PBXNativeTarget;
			buildConfigurationList = 127D6FEA24DADF7F00FEF6D0 /* Build configuration list for PBXNativeTarget "AlgorithmicTasks" */;
			buildPhases = (
				127D6FDF24DADF7F00FEF6D0 /* Sources */,
				127D6FE024DADF7F00FEF6D0 /* Frameworks */,
				127D6FE124DADF7F00FEF6D0 /* CopyFiles */,
			);
			buildRules = (
			);
			dependencies = (
			);
			name = AlgorithmicTasks;
			productName = AlgorithmicTasks;
			productReference = 127D6FE324DADF7F00FEF6D0 /* AlgorithmicTasks */;
			productType = "com.apple.product-type.tool";
		};
/* End PBXNativeTarget section */

/* Begin PBXProject section */
		127D6FDB24DADF7F00FEF6D0 /* Project object */ = {
			isa = PBXProject;
			attributes = {
				LastSwiftUpdateCheck = 1150;
				LastUpgradeCheck = 1150;
				ORGANIZATIONNAME = Tianid;
				TargetAttributes = {
					127D6FE224DADF7F00FEF6D0 = {
						CreatedOnToolsVersion = 11.5;
					};
				};
			};
			buildConfigurationList = 127D6FDE24DADF7F00FEF6D0 /* Build configuration list for PBXProject "AlgorithmicTasks" */;
			compatibilityVersion = "Xcode 9.3";
			developmentRegion = en;
			hasScannedForEncodings = 0;
			knownRegions = (
				en,
				Base,
			);
			mainGroup = 127D6FDA24DADF7F00FEF6D0;
			productRefGroup = 127D6FE424DADF7F00FEF6D0 /* Products */;
			projectDirPath = "";
			projectRoot = "";
			targets = (
				127D6FE224DADF7F00FEF6D0 /* AlgorithmicTasks */,
			);
		};
/* End PBXProject section */

/* Begin PBXSourcesBuildPhase section */
		127D6FDF24DADF7F00FEF6D0 /* Sources */ = {
			isa = PBXSourcesBuildPhase;
			buildActionMask = 2147483647;
			files = (
				122D018524E1753200747DF5 /* ValidPalindromeII.swift in Sources */,
				12FC8A5624E57EBD004096AA /* ShortestDistanceToACharacter.swift in Sources */,
				12FC8A5A24E59215004096AA /* ValidAnagram.swift in Sources */,
				127D6FF224DAFF7A00FEF6D0 /* SmallestDiv.swift in Sources */,
				122D018324E1741A00747DF5 /* ValidPalindrome.swift in Sources */,
				12E5411824E1834600B094F0 /* DetectCapital.swift in Sources */,
				12F0DA4024E2E1A600B7F182 /* ReverseVowelsOfAString.swift in Sources */,
				127D6FE724DADF7F00FEF6D0 /* main.swift in Sources */,
				12F0DA3C24E2C43500B7F182 /* ReverseString.swift in Sources */,
				12D2DBB024E409F400A35289 /* LengthOfLastWord.swift in Sources */,
				12F0DA4224E2F21500B7F182 /* ReverseWordsInAString.swift in Sources */,
				12D2DBB424E41EFD00A35289 /* AddStrings.swift in Sources */,
				12F0DA3E24E2E08500B7F182 /* ReverseStringII.swift in Sources */,
				127D6FF024DAEAFA00FEF6D0 /* BalancesInOrder.swift in Sources */,
				12E5411A24E1A72A00B094F0 /* ImplementStrStr().swift in Sources */,
				122D018124E16FFA00747DF5 /* KeyboardRow.swift in Sources */,
				127D6FF424DB021B00FEF6D0 /* Password.swift in Sources */,
				12F0DA3A24E2BABD00B7F182 /* IsomorphicStrings.swift in Sources */,
				12D2DBB224E40D7900A35289 /* StringCompression.swift in Sources */,
				12F0DA4424E2F6EC00B7F182 /* ReverseWordsInAStringIII.swift in Sources */,
				127D6FEE24DAE03E00FEF6D0 /* Pedometers.swift in Sources */,
			);
			runOnlyForDeploymentPostprocessing = 0;
		};
/* End PBXSourcesBuildPhase section */

/* Begin XCBuildConfiguration section */
		127D6FE824DADF7F00FEF6D0 /* Debug */ = {
			isa = XCBuildConfiguration;
			buildSettings = {
				ALWAYS_SEARCH_USER_PATHS = NO;
				CLANG_ANALYZER_NONNULL = YES;
				CLANG_ANALYZER_NUMBER_OBJECT_CONVERSION = YES_AGGRESSIVE;
				CLANG_CXX_LANGUAGE_STANDARD = "gnu++14";
				CLANG_CXX_LIBRARY = "libc++";
				CLANG_ENABLE_MODULES = YES;
				CLANG_ENABLE_OBJC_ARC = YES;
				CLANG_ENABLE_OBJC_WEAK = YES;
				CLANG_WARN_BLOCK_CAPTURE_AUTORELEASING = YES;
				CLANG_WARN_BOOL_CONVERSION = YES;
				CLANG_WARN_COMMA = YES;
				CLANG_WARN_CONSTANT_CONVERSION = YES;
				CLANG_WARN_DEPRECATED_OBJC_IMPLEMENTATIONS = YES;
				CLANG_WARN_DIRECT_OBJC_ISA_USAGE = YES_ERROR;
				CLANG_WARN_DOCUMENTATION_COMMENTS = YES;
				CLANG_WARN_EMPTY_BODY = YES;
				CLANG_WARN_ENUM_CONVERSION = YES;
				CLANG_WARN_INFINITE_RECURSION = YES;
				CLANG_WARN_INT_CONVERSION = YES;
				CLANG_WARN_NON_LITERAL_NULL_CONVERSION = YES;
				CLANG_WARN_OBJC_IMPLICIT_RETAIN_SELF = YES;
				CLANG_WARN_OBJC_LITERAL_CONVERSION = YES;
				CLANG_WARN_OBJC_ROOT_CLASS = YES_ERROR;
				CLANG_WARN_RANGE_LOOP_ANALYSIS = YES;
				CLANG_WARN_STRICT_PROTOTYPES = YES;
				CLANG_WARN_SUSPICIOUS_MOVE = YES;
				CLANG_WARN_UNGUARDED_AVAILABILITY = YES_AGGRESSIVE;
				CLANG_WARN_UNREACHABLE_CODE = YES;
				CLANG_WARN__DUPLICATE_METHOD_MATCH = YES;
				COPY_PHASE_STRIP = NO;
				DEBUG_INFORMATION_FORMAT = dwarf;
				ENABLE_STRICT_OBJC_MSGSEND = YES;
				ENABLE_TESTABILITY = YES;
				GCC_C_LANGUAGE_STANDARD = gnu11;
				GCC_DYNAMIC_NO_PIC = NO;
				GCC_NO_COMMON_BLOCKS = YES;
				GCC_OPTIMIZATION_LEVEL = 0;
				GCC_PREPROCESSOR_DEFINITIONS = (
					"DEBUG=1",
					"$(inherited)",
				);
				GCC_WARN_64_TO_32_BIT_CONVERSION = YES;
				GCC_WARN_ABOUT_RETURN_TYPE = YES_ERROR;
				GCC_WARN_UNDECLARED_SELECTOR = YES;
				GCC_WARN_UNINITIALIZED_AUTOS = YES_AGGRESSIVE;
				GCC_WARN_UNUSED_FUNCTION = YES;
				GCC_WARN_UNUSED_VARIABLE = YES;
				MACOSX_DEPLOYMENT_TARGET = 10.15;
				MTL_ENABLE_DEBUG_INFO = INCLUDE_SOURCE;
				MTL_FAST_MATH = YES;
				ONLY_ACTIVE_ARCH = YES;
				SDKROOT = macosx;
				SWIFT_ACTIVE_COMPILATION_CONDITIONS = DEBUG;
				SWIFT_OPTIMIZATION_LEVEL = "-Onone";
			};
			name = Debug;
		};
		127D6FE924DADF7F00FEF6D0 /* Release */ = {
			isa = XCBuildConfiguration;
			buildSettings = {
				ALWAYS_SEARCH_USER_PATHS = NO;
				CLANG_ANALYZER_NONNULL = YES;
				CLANG_ANALYZER_NUMBER_OBJECT_CONVERSION = YES_AGGRESSIVE;
				CLANG_CXX_LANGUAGE_STANDARD = "gnu++14";
				CLANG_CXX_LIBRARY = "libc++";
				CLANG_ENABLE_MODULES = YES;
				CLANG_ENABLE_OBJC_ARC = YES;
				CLANG_ENABLE_OBJC_WEAK = YES;
				CLANG_WARN_BLOCK_CAPTURE_AUTORELEASING = YES;
				CLANG_WARN_BOOL_CONVERSION = YES;
				CLANG_WARN_COMMA = YES;
				CLANG_WARN_CONSTANT_CONVERSION = YES;
				CLANG_WARN_DEPRECATED_OBJC_IMPLEMENTATIONS = YES;
				CLANG_WARN_DIRECT_OBJC_ISA_USAGE = YES_ERROR;
				CLANG_WARN_DOCUMENTATION_COMMENTS = YES;
				CLANG_WARN_EMPTY_BODY = YES;
				CLANG_WARN_ENUM_CONVERSION = YES;
				CLANG_WARN_INFINITE_RECURSION = YES;
				CLANG_WARN_INT_CONVERSION = YES;
				CLANG_WARN_NON_LITERAL_NULL_CONVERSION = YES;
				CLANG_WARN_OBJC_IMPLICIT_RETAIN_SELF = YES;
				CLANG_WARN_OBJC_LITERAL_CONVERSION = YES;
				CLANG_WARN_OBJC_ROOT_CLASS = YES_ERROR;
				CLANG_WARN_RANGE_LOOP_ANALYSIS = YES;
				CLANG_WARN_STRICT_PROTOTYPES = YES;
				CLANG_WARN_SUSPICIOUS_MOVE = YES;
				CLANG_WARN_UNGUARDED_AVAILABILITY = YES_AGGRESSIVE;
				CLANG_WARN_UNREACHABLE_CODE = YES;
				CLANG_WARN__DUPLICATE_METHOD_MATCH = YES;
				COPY_PHASE_STRIP = NO;
				DEBUG_INFORMATION_FORMAT = "dwarf-with-dsym";
				ENABLE_NS_ASSERTIONS = NO;
				ENABLE_STRICT_OBJC_MSGSEND = YES;
				GCC_C_LANGUAGE_STANDARD = gnu11;
				GCC_NO_COMMON_BLOCKS = YES;
				GCC_WARN_64_TO_32_BIT_CONVERSION = YES;
				GCC_WARN_ABOUT_RETURN_TYPE = YES_ERROR;
				GCC_WARN_UNDECLARED_SELECTOR = YES;
				GCC_WARN_UNINITIALIZED_AUTOS = YES_AGGRESSIVE;
				GCC_WARN_UNUSED_FUNCTION = YES;
				GCC_WARN_UNUSED_VARIABLE = YES;
				MACOSX_DEPLOYMENT_TARGET = 10.15;
				MTL_ENABLE_DEBUG_INFO = NO;
				MTL_FAST_MATH = YES;
				SDKROOT = macosx;
				SWIFT_COMPILATION_MODE = wholemodule;
				SWIFT_OPTIMIZATION_LEVEL = "-O";
			};
			name = Release;
		};
		127D6FEB24DADF7F00FEF6D0 /* Debug */ = {
			isa = XCBuildConfiguration;
			buildSettings = {
				CODE_SIGN_STYLE = Automatic;
				DEVELOPMENT_TEAM = GY259TWT8G;
				ENABLE_HARDENED_RUNTIME = YES;
				PRODUCT_NAME = "$(TARGET_NAME)";
				SWIFT_VERSION = 5.0;
			};
			name = Debug;
		};
		127D6FEC24DADF7F00FEF6D0 /* Release */ = {
			isa = XCBuildConfiguration;
			buildSettings = {
				CODE_SIGN_STYLE = Automatic;
				DEVELOPMENT_TEAM = GY259TWT8G;
				ENABLE_HARDENED_RUNTIME = YES;
				PRODUCT_NAME = "$(TARGET_NAME)";
				SWIFT_VERSION = 5.0;
			};
			name = Release;
		};
/* End XCBuildConfiguration section */

/* Begin XCConfigurationList section */
		127D6FDE24DADF7F00FEF6D0 /* Build configuration list for PBXProject "AlgorithmicTasks" */ = {
			isa = XCConfigurationList;
			buildConfigurations = (
				127D6FE824DADF7F00FEF6D0 /* Debug */,
				127D6FE924DADF7F00FEF6D0 /* Release */,
			);
			defaultConfigurationIsVisible = 0;
			defaultConfigurationName = Release;
		};
		127D6FEA24DADF7F00FEF6D0 /* Build configuration list for PBXNativeTarget "AlgorithmicTasks" */ = {
			isa = XCConfigurationList;
			buildConfigurations = (
				127D6FEB24DADF7F00FEF6D0 /* Debug */,
				127D6FEC24DADF7F00FEF6D0 /* Release */,
			);
			defaultConfigurationIsVisible = 0;
			defaultConfigurationName = Release;
		};
/* End XCConfigurationList section */
	};
	rootObject = 127D6FDB24DADF7F00FEF6D0 /* Project object */;
}
